PODS:
  - Alamofire (4.8.1)
  - AlamofireNetworkActivityIndicator (2.3.0):
    - Alamofire (~> 4.7)
  - Crashlytics (3.12.0):
    - Fabric (~> 1.9.0)
  - Fabric (1.9.0)
  - MVVM-Swift (1.1.0)
  - ObjectMapper (3.4.2)
  - SwiftLint (0.31.0)
  - SwiftUtils (4.2.1)

DEPENDENCIES:
  - Alamofire
  - AlamofireNetworkActivityIndicator
  - Crashlytics
  - Fabric
  - MVVM-Swift
  - ObjectMapper
  - SwiftLint
  - SwiftUtils

SPEC REPOS:
  https://github.com/cocoapods/specs.git:
    - Alamofire
    - AlamofireNetworkActivityIndicator
    - Crashlytics
    - Fabric
    - MVVM-Swift
    - ObjectMapper
    - SwiftLint
    - SwiftUtils

SPEC CHECKSUMS:
  Alamofire: 16ce2c353fb72865124ddae8a57c5942388f4f11
  AlamofireNetworkActivityIndicator: 18346ff6d770d9513d0ac6f2d99706f40f93dbaa
  Crashlytics: 07fb167b1694128c1c9a5a5cc319b0e9c3ca0933
  Fabric: f988e33c97f08930a413e08123064d2e5f68d655
  MVVM-Swift: 54749cc12bb30af41632f30a2c576a18bf9e4bc8
  ObjectMapper: 0d4402610f4e468903ae64629eec4784531e5c51
  SwiftLint: 7a0227733d786395817373b2d0ca799fd0093ff3
  SwiftUtils: fa346feeac5a25eab7ea5d59f1857c6253cb8ab1

PODFILE CHECKSUM: b8a1d65941d2bcc10a7b702d702150d0ae3d9df4

COCOAPODS: 1.5.3
